
Microsoft Visual Studio Solution File, Format Version 12.00
# Visual Studio 15
VisualStudioVersion = 15.0.27004.2005
MinimumVisualStudioVersion = 10.0.40219.1
Project("{8BC9CEB8-8B4A-11D0-8D11-00A0C91BC942}") = "P13", "P13\P13.vcxproj", "{4990E2E8-EE7D-49F2-96E3-47969044ECFF}"
EndProject
Global
	GlobalSection(SolutionConfigurationPlatforms) = preSolution
		Debug|x64 = Debug|x64
		Debug|x86 = Debug|x86
		Release|x64 = Release|x64
		Release|x86 = Release|x86
	EndGlobalSection
	GlobalSection(ProjectConfigurationPlatforms) = postSolution
		{4990E2E8-EE7D-49F2-96E3-47969044ECFF}.Debug|x64.ActiveCfg = Debug|x64
		{4990E2E8-EE7D-49F2-96E3-47969044ECFF}.Debug|x64.Build.0 = Debug|x64
		{4990E2E8-EE7D-49F2-96E3-47969044ECFF}.Debug|x86.ActiveCfg = Debug|Win32
		{4990E2E8-EE7D-49F2-96E3-47969044ECFF}.Debug|x86.Build.0 = Debug|Win32
		{4990E2E8-EE7D-49F2-96E3-47969044ECFF}.Release|x64.ActiveCfg = Release|x64
		{4990E2E8-EE7D-49F2-96E3-47969044ECFF}.Release|x64.Build.0 = Release|x64
		{4990E2E8-EE7D-49F2-96E3-47969044ECFF}.Release|x86.ActiveCfg = Release|Win32
		{4990E2E8-EE7D-49F2-96E3-47969044ECFF}.Release|x86.Build.0 = Release|Win32
	EndGlobalSection
	GlobalSection(SolutionProperties) = preSolution
		HideSolutionNode = FALSE
	EndGlobalSection
	GlobalSection(ExtensibilityGlobals) = postSolution
		SolutionGuid = {6F810DD2-0CD7-4B64-9455-7A0214D2E605}
	EndGlobalSection
EndGlobal
